
Microsoft Visual Studio Solution File, Format Version 12.00
# Visual Studio Version 16
VisualStudioVersion = 16.0.28803.202
MinimumVisualStudioVersion = 10.0.40219.1
Project("{FAE04EC0-301F-11D3-BF4B-00C04F79EFBC}") = "HelloDotNetCore", "HelloDotNetCore\HelloDotNetCore.csproj", "{09D3BD91-5E6B-44F7-8558-B0B21E6126EB}"
EndProject
Global
	GlobalSection(SolutionConfigurationPlatforms) = preSolution
		Debug|Any CPU = Debug|Any CPU
		Release|Any CPU = Release|Any CPU
	EndGlobalSection
	GlobalSection(ProjectConfigurationPlatforms) = postSolution
		{09D3BD91-5E6B-44F7-8558-B0B21E6126EB}.Debug|Any CPU.ActiveCfg = Debug|Any CPU
		{09D3BD91-5E6B-44F7-8558-B0B21E6126EB}.Debug|Any CPU.Build.0 = Debug|Any CPU
		{09D3BD91-5E6B-44F7-8558-B0B21E6126EB}.Release|Any CPU.ActiveCfg = Release|Any CPU
		{09D3BD91-5E6B-44F7-8558-B0B21E6126EB}.Release|Any CPU.Build.0 = Release|Any CPU
	EndGlobalSection
	GlobalSection(SolutionProperties) = preSolution
		HideSolutionNode = FALSE
	EndGlobalSection
	GlobalSection(ExtensibilityGlobals) = postSolution
		SolutionGuid = {C457D746-4DFA-44E9-BC45-C7DDAB5CDC46}
	EndGlobalSection
EndGlobal
